
Microsoft Visual Studio Solution File, Format Version 12.00
# Visual Studio Version 16
VisualStudioVersion = 16.0.33130.400
MinimumVisualStudioVersion = 10.0.40219.1
Project("{9A19103F-16F7-4668-BE54-9A1E7A4F7556}") = "XlsxReader", "XlsxReader.csproj", "{ED4DA79C-2655-4B03-BBAC-36789318BF26}"
EndProject
Global
	GlobalSection(SolutionConfigurationPlatforms) = preSolution
		Debug|Any CPU = Debug|Any CPU
		Release|Any CPU = Release|Any CPU
	EndGlobalSection
	GlobalSection(ProjectConfigurationPlatforms) = postSolution
		{ED4DA79C-2655-4B03-BBAC-36789318BF26}.Debug|Any CPU.ActiveCfg = Debug|Any CPU
		{ED4DA79C-2655-4B03-BBAC-36789318BF26}.Debug|Any CPU.Build.0 = Debug|Any CPU
		{ED4DA79C-2655-4B03-BBAC-36789318BF26}.Release|Any CPU.ActiveCfg = Release|Any CPU
		{ED4DA79C-2655-4B03-BBAC-36789318BF26}.Release|Any CPU.Build.0 = Release|Any CPU
	EndGlobalSection
	GlobalSection(SolutionProperties) = preSolution
		HideSolutionNode = FALSE
	EndGlobalSection
	GlobalSection(ExtensibilityGlobals) = postSolution
		SolutionGuid = {0C2B7F64-3139-41ED-8FF7-277EC8DC9A3E}
	EndGlobalSection
EndGlobal
